
Microsoft Visual Studio Solution File, Format Version 12.00
# Visual Studio Version 17
VisualStudioVersion = 17.3.32929.385
MinimumVisualStudioVersion = 10.0.40219.1
Project("{FAE04EC0-301F-11D3-BF4B-00C04F79EFBC}") = "LinkShortnerApi", "LinkShortnerApi\LinkShortnerApi.csproj", "{2ED56B96-0970-4429-B92A-D5B65C7658D3}"
EndProject
Global
	GlobalSection(SolutionConfigurationPlatforms) = preSolution
		Debug|Any CPU = Debug|Any CPU
		Release|Any CPU = Release|Any CPU
	EndGlobalSection
	GlobalSection(ProjectConfigurationPlatforms) = postSolution
		{2ED56B96-0970-4429-B92A-D5B65C7658D3}.Debug|Any CPU.ActiveCfg = Debug|Any CPU
		{2ED56B96-0970-4429-B92A-D5B65C7658D3}.Debug|Any CPU.Build.0 = Debug|Any CPU
		{2ED56B96-0970-4429-B92A-D5B65C7658D3}.Release|Any CPU.ActiveCfg = Release|Any CPU
		{2ED56B96-0970-4429-B92A-D5B65C7658D3}.Release|Any CPU.Build.0 = Release|Any CPU
	EndGlobalSection
	GlobalSection(SolutionProperties) = preSolution
		HideSolutionNode = FALSE
	EndGlobalSection
	GlobalSection(ExtensibilityGlobals) = postSolution
		SolutionGuid = {6149560F-023C-459E-AC1E-0A0CC6CE5C87}
	EndGlobalSection
EndGlobal
